// !$*UTF8*$!
{
	archiveVersion = 1;
	classes = {
	};
	objectVersion = 55;
	objects = {

/* Begin PBXBuildFile section */
		8482E25C27205F86009C284B /* AppDelegate.swift in Sources */ = {isa = PBXBuildFile; fileRef = 8482E25B27205F86009C284B /* AppDelegate.swift */; };
		8482E25E27205F86009C284B /* SceneDelegate.swift in Sources */ = {isa = PBXBuildFile; fileRef = 8482E25D27205F86009C284B /* SceneDelegate.swift */; };
		8482E26527205F88009C284B /* Assets.xcassets in Resources */ = {isa = PBXBuildFile; fileRef = 8482E26427205F88009C284B /* Assets.xcassets */; };
		8482E26827205F88009C284B /* LaunchScreen.storyboard in Resources */ = {isa = PBXBuildFile; fileRef = 8482E26627205F88009C284B /* LaunchScreen.storyboard */; };
		8482E27227206054009C284B /* Path.swift in Sources */ = {isa = PBXBuildFile; fileRef = 8482E27127206054009C284B /* Path.swift */; };
		8482E2742720608A009C284B /* URL.swift in Sources */ = {isa = PBXBuildFile; fileRef = 8482E2732720608A009C284B /* URL.swift */; };
		8482E27727206121009C284B /* HTTPMethods.swift in Sources */ = {isa = PBXBuildFile; fileRef = 8482E27627206121009C284B /* HTTPMethods.swift */; };
		8482E27927206191009C284B /* APIRequest.swift in Sources */ = {isa = PBXBuildFile; fileRef = 8482E27827206191009C284B /* APIRequest.swift */; };
		8482E27B272061D6009C284B /* APIError.swift in Sources */ = {isa = PBXBuildFile; fileRef = 8482E27A272061D6009C284B /* APIError.swift */; };
		8482E27D27206219009C284B /* NetworkRequest.swift in Sources */ = {isa = PBXBuildFile; fileRef = 8482E27C27206219009C284B /* NetworkRequest.swift */; };
		8482E27F27206322009C284B /* NetworkRequester.swift in Sources */ = {isa = PBXBuildFile; fileRef = 8482E27E27206322009C284B /* NetworkRequester.swift */; };
		8482E2832720667F009C284B /* FeaturedRequest.swift in Sources */ = {isa = PBXBuildFile; fileRef = 8482E2822720667F009C284B /* FeaturedRequest.swift */; };
		8482E285272066C3009C284B /* FeaturedService.swift in Sources */ = {isa = PBXBuildFile; fileRef = 8482E284272066C3009C284B /* FeaturedService.swift */; };
		8482E2882720676D009C284B /* FeaturedModel.swift in Sources */ = {isa = PBXBuildFile; fileRef = 8482E2872720676D009C284B /* FeaturedModel.swift */; };
		8482E28A272069E6009C284B /* FeaturedResponse.swift in Sources */ = {isa = PBXBuildFile; fileRef = 8482E289272069E6009C284B /* FeaturedResponse.swift */; };
		8482E28D27206BC9009C284B /* FeaturedViewModel.swift in Sources */ = {isa = PBXBuildFile; fileRef = 8482E28C27206BC9009C284B /* FeaturedViewModel.swift */; };
		8482E29027207183009C284B /* FeaturedViewController.swift in Sources */ = {isa = PBXBuildFile; fileRef = 8482E28F27207183009C284B /* FeaturedViewController.swift */; };
		8482E292272081BA009C284B /* ItemCell.swift in Sources */ = {isa = PBXBuildFile; fileRef = 8482E291272081BA009C284B /* ItemCell.swift */; };
		8482E29827208F18009C284B /* ImageLoader.swift in Sources */ = {isa = PBXBuildFile; fileRef = 8482E29727208F18009C284B /* ImageLoader.swift */; };
		8482E29A2720B08C009C284B /* Float+Extension.swift in Sources */ = {isa = PBXBuildFile; fileRef = 8482E2992720B08C009C284B /* Float+Extension.swift */; };
		8482E29E2720B55B009C284B /* FeaturedDetailsRequest.swift in Sources */ = {isa = PBXBuildFile; fileRef = 8482E29D2720B55B009C284B /* FeaturedDetailsRequest.swift */; };
		8482E2A02720B666009C284B /* FeaturedDetailsService.swift in Sources */ = {isa = PBXBuildFile; fileRef = 8482E29F2720B666009C284B /* FeaturedDetailsService.swift */; };
		8482E2A32720BC76009C284B /* FeaturedDetailsViewModel.swift in Sources */ = {isa = PBXBuildFile; fileRef = 8482E2A22720BC76009C284B /* FeaturedDetailsViewModel.swift */; };
		8482E2A62720BE35009C284B /* FeaturedDetailsViewController.swift in Sources */ = {isa = PBXBuildFile; fileRef = 8482E2A52720BE35009C284B /* FeaturedDetailsViewController.swift */; };
/* End PBXBuildFile section */

/* Begin PBXFileReference section */
		8482E25827205F86009C284B /* ios-swift-mvvm.app */ = {isa = PBXFileReference; explicitFileType = wrapper.application; includeInIndex = 0; path = "ios-swift-mvvm.app"; sourceTree = BUILT_PRODUCTS_DIR; };
		8482E25B27205F86009C284B /* AppDelegate.swift */ = {isa = PBXFileReference; lastKnownFileType = sourcecode.swift; path = AppDelegate.swift; sourceTree = "<group>"; };
		8482E25D27205F86009C284B /* SceneDelegate.swift */ = {isa = PBXFileReference; lastKnownFileType = sourcecode.swift; path = SceneDelegate.swift; sourceTree = "<group>"; };
		8482E26427205F88009C284B /* Assets.xcassets */ = {isa = PBXFileReference; lastKnownFileType = folder.assetcatalog; path = Assets.xcassets; sourceTree = "<group>"; };
		8482E26727205F88009C284B /* Base */ = {isa = PBXFileReference; lastKnownFileType = file.storyboard; name = Base; path = Base.lproj/LaunchScreen.storyboard; sourceTree = "<group>"; };
		8482E26927205F88009C284B /* Info.plist */ = {isa = PBXFileReference; lastKnownFileType = text.plist.xml; path = Info.plist; sourceTree = "<group>"; };
		8482E27127206054009C284B /* Path.swift */ = {isa = PBXFileReference; lastKnownFileType = sourcecode.swift; path = Path.swift; sourceTree = "<group>"; };
		8482E2732720608A009C284B /* URL.swift */ = {isa = PBXFileReference; lastKnownFileType = sourcecode.swift; path = URL.swift; sourceTree = "<group>"; };
		8482E27627206121009C284B /* HTTPMethods.swift */ = {isa = PBXFileReference; lastKnownFileType = sourcecode.swift; path = HTTPMethods.swift; sourceTree = "<group>"; };
		8482E27827206191009C284B /* APIRequest.swift */ = {isa = PBXFileReference; lastKnownFileType = sourcecode.swift; path = APIRequest.swift; sourceTree = "<group>"; };
		8482E27A272061D6009C284B /* APIError.swift */ = {isa = PBXFileReference; lastKnownFileType = sourcecode.swift; path = APIError.swift; sourceTree = "<group>"; };
		8482E27C27206219009C284B /* NetworkRequest.swift */ = {isa = PBXFileReference; lastKnownFileType = sourcecode.swift; path = NetworkRequest.swift; sourceTree = "<group>"; };
		8482E27E27206322009C284B /* NetworkRequester.swift */ = {isa = PBXFileReference; lastKnownFileType = sourcecode.swift; path = NetworkRequester.swift; sourceTree = "<group>"; };
		8482E2822720667F009C284B /* FeaturedRequest.swift */ = {isa = PBXFileReference; lastKnownFileType = sourcecode.swift; path = FeaturedRequest.swift; sourceTree = "<group>"; };
		8482E284272066C3009C284B /* FeaturedService.swift */ = {isa = PBXFileReference; lastKnownFileType = sourcecode.swift; path = FeaturedService.swift; sourceTree = "<group>"; };
		8482E2872720676D009C284B /* FeaturedModel.swift */ = {isa = PBXFileReference; lastKnownFileType = sourcecode.swift; path = FeaturedModel.swift; sourceTree = "<group>"; };
		8482E289272069E6009C284B /* FeaturedResponse.swift */ = {isa = PBXFileReference; lastKnownFileType = sourcecode.swift; path = FeaturedResponse.swift; sourceTree = "<group>"; };
		8482E28C27206BC9009C284B /* FeaturedViewModel.swift */ = {isa = PBXFileReference; lastKnownFileType = sourcecode.swift; path = FeaturedViewModel.swift; sourceTree = "<group>"; };
		8482E28F27207183009C284B /* FeaturedViewController.swift */ = {isa = PBXFileReference; lastKnownFileType = sourcecode.swift; path = FeaturedViewController.swift; sourceTree = "<group>"; };
		8482E291272081BA009C284B /* ItemCell.swift */ = {isa = PBXFileReference; lastKnownFileType = sourcecode.swift; path = ItemCell.swift; sourceTree = "<group>"; };
		8482E29727208F18009C284B /* ImageLoader.swift */ = {isa = PBXFileReference; lastKnownFileType = sourcecode.swift; path = ImageLoader.swift; sourceTree = "<group>"; };
		8482E2992720B08C009C284B /* Float+Extension.swift */ = {isa = PBXFileReference; lastKnownFileType = sourcecode.swift; path = "Float+Extension.swift"; sourceTree = "<group>"; };
		8482E29D2720B55B009C284B /* FeaturedDetailsRequest.swift */ = {isa = PBXFileReference; lastKnownFileType = sourcecode.swift; path = FeaturedDetailsRequest.swift; sourceTree = "<group>"; };
		8482E29F2720B666009C284B /* FeaturedDetailsService.swift */ = {isa = PBXFileReference; lastKnownFileType = sourcecode.swift; path = FeaturedDetailsService.swift; sourceTree = "<group>"; };
		8482E2A22720BC76009C284B /* FeaturedDetailsViewModel.swift */ = {isa = PBXFileReference; lastKnownFileType = sourcecode.swift; path = FeaturedDetailsViewModel.swift; sourceTree = "<group>"; };
		8482E2A52720BE35009C284B /* FeaturedDetailsViewController.swift */ = {isa = PBXFileReference; lastKnownFileType = sourcecode.swift; path = FeaturedDetailsViewController.swift; sourceTree = "<group>"; };
/* End PBXFileReference section */

/* Begin PBXFrameworksBuildPhase section */
		8482E25527205F86009C284B /* Frameworks */ = {
			isa = PBXFrameworksBuildPhase;
			buildActionMask = 2147483647;
			files = (
			);
			runOnlyForDeploymentPostprocessing = 0;
		};
/* End PBXFrameworksBuildPhase section */

/* Begin PBXGroup section */
		8482E24F27205F86009C284B = {
			isa = PBXGroup;
			children = (
				8482E25A27205F86009C284B /* ios-swift-mvvm */,
				8482E25927205F86009C284B /* Products */,
			);
			sourceTree = "<group>";
		};
		8482E25927205F86009C284B /* Products */ = {
			isa = PBXGroup;
			children = (
				8482E25827205F86009C284B /* ios-swift-mvvm.app */,
			);
			name = Products;
			sourceTree = "<group>";
		};
		8482E25A27205F86009C284B /* ios-swift-mvvm */ = {
			isa = PBXGroup;
			children = (
				8482E26F27205FE5009C284B /* Networking */,
				8482E29627208F0B009C284B /* Utils */,
				8482E29B2720B51A009C284B /* FeaturedDetails */,
				8482E28027206645009C284B /* Featured */,
				8482E25B27205F86009C284B /* AppDelegate.swift */,
				8482E25D27205F86009C284B /* SceneDelegate.swift */,
				8482E26427205F88009C284B /* Assets.xcassets */,
				8482E26627205F88009C284B /* LaunchScreen.storyboard */,
				8482E26927205F88009C284B /* Info.plist */,
			);
			path = "ios-swift-mvvm";
			sourceTree = "<group>";
		};
		8482E26F27205FE5009C284B /* Networking */ = {
			isa = PBXGroup;
			children = (
				8482E2752720610E009C284B /* Models */,
				8482E27027206042009C284B /* StoreAPI */,
				8482E27C27206219009C284B /* NetworkRequest.swift */,
				8482E27E27206322009C284B /* NetworkRequester.swift */,
			);
			path = Networking;
			sourceTree = "<group>";
		};
		8482E27027206042009C284B /* StoreAPI */ = {
			isa = PBXGroup;
			children = (
				8482E27127206054009C284B /* Path.swift */,
				8482E2732720608A009C284B /* URL.swift */,
			);
			path = StoreAPI;
			sourceTree = "<group>";
		};
		8482E2752720610E009C284B /* Models */ = {
			isa = PBXGroup;
			children = (
				8482E27627206121009C284B /* HTTPMethods.swift */,
				8482E27827206191009C284B /* APIRequest.swift */,
				8482E27A272061D6009C284B /* APIError.swift */,
			);
			path = Models;
			sourceTree = "<group>";
		};
		8482E28027206645009C284B /* Featured */ = {
			isa = PBXGroup;
			children = (
				8482E28E2720716F009C284B /* UI */,
				8482E28B27206BB9009C284B /* ViewModel */,
				8482E2862720675C009C284B /* Models */,
				8482E28127206658009C284B /* API */,
			);
			path = Featured;
			sourceTree = "<group>";
		};
		8482E28127206658009C284B /* API */ = {
			isa = PBXGroup;
			children = (
				8482E2822720667F009C284B /* FeaturedRequest.swift */,
				8482E284272066C3009C284B /* FeaturedService.swift */,
			);
			path = API;
			sourceTree = "<group>";
		};
		8482E2862720675C009C284B /* Models */ = {
			isa = PBXGroup;
			children = (
				8482E2872720676D009C284B /* FeaturedModel.swift */,
				8482E289272069E6009C284B /* FeaturedResponse.swift */,
			);
			path = Models;
			sourceTree = "<group>";
		};
		8482E28B27206BB9009C284B /* ViewModel */ = {
			isa = PBXGroup;
			children = (
				8482E28C27206BC9009C284B /* FeaturedViewModel.swift */,
			);
			path = ViewModel;
			sourceTree = "<group>";
		};
		8482E28E2720716F009C284B /* UI */ = {
			isa = PBXGroup;
			children = (
				8482E28F27207183009C284B /* FeaturedViewController.swift */,
				8482E291272081BA009C284B /* ItemCell.swift */,
			);
			path = UI;
			sourceTree = "<group>";
		};
		8482E29627208F0B009C284B /* Utils */ = {
			isa = PBXGroup;
			children = (
				8482E29727208F18009C284B /* ImageLoader.swift */,
				8482E2992720B08C009C284B /* Float+Extension.swift */,
			);
			path = Utils;
			sourceTree = "<group>";
		};
		8482E29B2720B51A009C284B /* FeaturedDetails */ = {
			isa = PBXGroup;
			children = (
				8482E29C2720B527009C284B /* API */,
				8482E2A12720BC69009C284B /* ViewModel */,
				8482E2A42720BDF3009C284B /* UI */,
			);
			path = FeaturedDetails;
			sourceTree = "<group>";
		};
		8482E29C2720B527009C284B /* API */ = {
			isa = PBXGroup;
			children = (
				8482E29D2720B55B009C284B /* FeaturedDetailsRequest.swift */,
				8482E29F2720B666009C284B /* FeaturedDetailsService.swift */,
			);
			path = API;
			sourceTree = "<group>";
		};
		8482E2A12720BC69009C284B /* ViewModel */ = {
			isa = PBXGroup;
			children = (
				8482E2A22720BC76009C284B /* FeaturedDetailsViewModel.swift */,
			);
			path = ViewModel;
			sourceTree = "<group>";
		};
		8482E2A42720BDF3009C284B /* UI */ = {
			isa = PBXGroup;
			children = (
				8482E2A52720BE35009C284B /* FeaturedDetailsViewController.swift */,
			);
			path = UI;
			sourceTree = "<group>";
		};
/* End PBXGroup section */

/* Begin PBXNativeTarget section */
		8482E25727205F86009C284B /* ios-swift-mvvm */ = {
			isa = PBXNativeTarget;
			buildConfigurationList = 8482E26C27205F88009C284B /* Build configuration list for PBXNativeTarget "ios-swift-mvvm" */;
			buildPhases = (
				8482E25427205F86009C284B /* Sources */,
				8482E25527205F86009C284B /* Frameworks */,
				8482E25627205F86009C284B /* Resources */,
			);
			buildRules = (
			);
			dependencies = (
			);
			name = "ios-swift-mvvm";
			productName = "ios-swift-mvvm";
			productReference = 8482E25827205F86009C284B /* ios-swift-mvvm.app */;
			productType = "com.apple.product-type.application";
		};
/* End PBXNativeTarget section */

/* Begin PBXProject section */
		8482E25027205F86009C284B /* Project object */ = {
			isa = PBXProject;
			attributes = {
				BuildIndependentTargetsInParallel = 1;
				LastSwiftUpdateCheck = 1300;
				LastUpgradeCheck = 1300;
				TargetAttributes = {
					8482E25727205F86009C284B = {
						CreatedOnToolsVersion = 13.0;
					};
				};
			};
			buildConfigurationList = 8482E25327205F86009C284B /* Build configuration list for PBXProject "ios-swift-mvvm" */;
			compatibilityVersion = "Xcode 13.0";
			developmentRegion = en;
			hasScannedForEncodings = 0;
			knownRegions = (
				en,
				Base,
			);
			mainGroup = 8482E24F27205F86009C284B;
			productRefGroup = 8482E25927205F86009C284B /* Products */;
			projectDirPath = "";
			projectRoot = "";
			targets = (
				8482E25727205F86009C284B /* ios-swift-mvvm */,
			);
		};
/* End PBXProject section */

/* Begin PBXResourcesBuildPhase section */
		8482E25627205F86009C284B /* Resources */ = {
			isa = PBXResourcesBuildPhase;
			buildActionMask = 2147483647;
			files = (
				8482E26827205F88009C284B /* LaunchScreen.storyboard in Resources */,
				8482E26527205F88009C284B /* Assets.xcassets in Resources */,
			);
			runOnlyForDeploymentPostprocessing = 0;
		};
/* End PBXResourcesBuildPhase section */

/* Begin PBXSourcesBuildPhase section */
		8482E25427205F86009C284B /* Sources */ = {
			isa = PBXSourcesBuildPhase;
			buildActionMask = 2147483647;
			files = (
				8482E2742720608A009C284B /* URL.swift in Sources */,
				8482E285272066C3009C284B /* FeaturedService.swift in Sources */,
				8482E27927206191009C284B /* APIRequest.swift in Sources */,
				8482E27F27206322009C284B /* NetworkRequester.swift in Sources */,
				8482E27727206121009C284B /* HTTPMethods.swift in Sources */,
				8482E2A62720BE35009C284B /* FeaturedDetailsViewController.swift in Sources */,
				8482E29027207183009C284B /* FeaturedViewController.swift in Sources */,
				8482E2A32720BC76009C284B /* FeaturedDetailsViewModel.swift in Sources */,
				8482E25C27205F86009C284B /* AppDelegate.swift in Sources */,
				8482E27B272061D6009C284B /* APIError.swift in Sources */,
				8482E292272081BA009C284B /* ItemCell.swift in Sources */,
				8482E27227206054009C284B /* Path.swift in Sources */,
				8482E2A02720B666009C284B /* FeaturedDetailsService.swift in Sources */,
				8482E2882720676D009C284B /* FeaturedModel.swift in Sources */,
				8482E29827208F18009C284B /* ImageLoader.swift in Sources */,
				8482E28D27206BC9009C284B /* FeaturedViewModel.swift in Sources */,
				8482E29E2720B55B009C284B /* FeaturedDetailsRequest.swift in Sources */,
				8482E28A272069E6009C284B /* FeaturedResponse.swift in Sources */,
				8482E2832720667F009C284B /* FeaturedRequest.swift in Sources */,
				8482E27D27206219009C284B /* NetworkRequest.swift in Sources */,
				8482E29A2720B08C009C284B /* Float+Extension.swift in Sources */,
				8482E25E27205F86009C284B /* SceneDelegate.swift in Sources */,
			);
			runOnlyForDeploymentPostprocessing = 0;
		};
/* End PBXSourcesBuildPhase section */

/* Begin PBXVariantGroup section */
		8482E26627205F88009C284B /* LaunchScreen.storyboard */ = {
			isa = PBXVariantGroup;
			children = (
				8482E26727205F88009C284B /* Base */,
			);
			name = LaunchScreen.storyboard;
			sourceTree = "<group>";
		};
/* End PBXVariantGroup section */

/* Begin XCBuildConfiguration section */
		8482E26A27205F88009C284B /* Debug */ = {
			isa = XCBuildConfiguration;
			buildSettings = {
				ALWAYS_SEARCH_USER_PATHS = NO;
				CLANG_ANALYZER_NONNULL = YES;
				CLANG_ANALYZER_NUMBER_OBJECT_CONVERSION = YES_AGGRESSIVE;
				CLANG_CXX_LANGUAGE_STANDARD = "gnu++17";
				CLANG_CXX_LIBRARY = "libc++";
				CLANG_ENABLE_MODULES = YES;
				CLANG_ENABLE_OBJC_ARC = YES;
				CLANG_ENABLE_OBJC_WEAK = YES;
				CLANG_WARN_BLOCK_CAPTURE_AUTORELEASING = YES;
				CLANG_WARN_BOOL_CONVERSION = YES;
				CLANG_WARN_COMMA = YES;
				CLANG_WARN_CONSTANT_CONVERSION = YES;
				CLANG_WARN_DEPRECATED_OBJC_IMPLEMENTATIONS = YES;
				CLANG_WARN_DIRECT_OBJC_ISA_USAGE = YES_ERROR;
				CLANG_WARN_DOCUMENTATION_COMMENTS = YES;
				CLANG_WARN_EMPTY_BODY = YES;
				CLANG_WARN_ENUM_CONVERSION = YES;
				CLANG_WARN_INFINITE_RECURSION = YES;
				CLANG_WARN_INT_CONVERSION = YES;
				CLANG_WARN_NON_LITERAL_NULL_CONVERSION = YES;
				CLANG_WARN_OBJC_IMPLICIT_RETAIN_SELF = YES;
				CLANG_WARN_OBJC_LITERAL_CONVERSION = YES;
				CLANG_WARN_OBJC_ROOT_CLASS = YES_ERROR;
				CLANG_WARN_QUOTED_INCLUDE_IN_FRAMEWORK_HEADER = YES;
				CLANG_WARN_RANGE_LOOP_ANALYSIS = YES;
				CLANG_WARN_STRICT_PROTOTYPES = YES;
				CLANG_WARN_SUSPICIOUS_MOVE = YES;
				CLANG_WARN_UNGUARDED_AVAILABILITY = YES_AGGRESSIVE;
				CLANG_WARN_UNREACHABLE_CODE = YES;
				CLANG_WARN__DUPLICATE_METHOD_MATCH = YES;
				COPY_PHASE_STRIP = NO;
				DEBUG_INFORMATION_FORMAT = dwarf;
				ENABLE_STRICT_OBJC_MSGSEND = YES;
				ENABLE_TESTABILITY = YES;
				GCC_C_LANGUAGE_STANDARD = gnu11;
				GCC_DYNAMIC_NO_PIC = NO;
				GCC_NO_COMMON_BLOCKS = YES;
				GCC_OPTIMIZATION_LEVEL = 0;
				GCC_PREPROCESSOR_DEFINITIONS = (
					"DEBUG=1",
					"$(inherited)",
				);
				GCC_WARN_64_TO_32_BIT_CONVERSION = YES;
				GCC_WARN_ABOUT_RETURN_TYPE = YES_ERROR;
				GCC_WARN_UNDECLARED_SELECTOR = YES;
				GCC_WARN_UNINITIALIZED_AUTOS = YES_AGGRESSIVE;
				GCC_WARN_UNUSED_FUNCTION = YES;
				GCC_WARN_UNUSED_VARIABLE = YES;
				IPHONEOS_DEPLOYMENT_TARGET = 15.0;
				MTL_ENABLE_DEBUG_INFO = INCLUDE_SOURCE;
				MTL_FAST_MATH = YES;
				ONLY_ACTIVE_ARCH = YES;
				SDKROOT = iphoneos;
				SWIFT_ACTIVE_COMPILATION_CONDITIONS = DEBUG;
				SWIFT_OPTIMIZATION_LEVEL = "-Onone";
			};
			name = Debug;
		};
		8482E26B27205F88009C284B /* Release */ = {
			isa = XCBuildConfiguration;
			buildSettings = {
				ALWAYS_SEARCH_USER_PATHS = NO;
				CLANG_ANALYZER_NONNULL = YES;
				CLANG_ANALYZER_NUMBER_OBJECT_CONVERSION = YES_AGGRESSIVE;
				CLANG_CXX_LANGUAGE_STANDARD = "gnu++17";
				CLANG_CXX_LIBRARY = "libc++";
				CLANG_ENABLE_MODULES = YES;
				CLANG_ENABLE_OBJC_ARC = YES;
				CLANG_ENABLE_OBJC_WEAK = YES;
				CLANG_WARN_BLOCK_CAPTURE_AUTORELEASING = YES;
				CLANG_WARN_BOOL_CONVERSION = YES;
				CLANG_WARN_COMMA = YES;
				CLANG_WARN_CONSTANT_CONVERSION = YES;
				CLANG_WARN_DEPRECATED_OBJC_IMPLEMENTATIONS = YES;
				CLANG_WARN_DIRECT_OBJC_ISA_USAGE = YES_ERROR;
				CLANG_WARN_DOCUMENTATION_COMMENTS = YES;
				CLANG_WARN_EMPTY_BODY = YES;
				CLANG_WARN_ENUM_CONVERSION = YES;
				CLANG_WARN_INFINITE_RECURSION = YES;
				CLANG_WARN_INT_CONVERSION = YES;
				CLANG_WARN_NON_LITERAL_NULL_CONVERSION = YES;
				CLANG_WARN_OBJC_IMPLICIT_RETAIN_SELF = YES;
				CLANG_WARN_OBJC_LITERAL_CONVERSION = YES;
				CLANG_WARN_OBJC_ROOT_CLASS = YES_ERROR;
				CLANG_WARN_QUOTED_INCLUDE_IN_FRAMEWORK_HEADER = YES;
				CLANG_WARN_RANGE_LOOP_ANALYSIS = YES;
				CLANG_WARN_STRICT_PROTOTYPES = YES;
				CLANG_WARN_SUSPICIOUS_MOVE = YES;
				CLANG_WARN_UNGUARDED_AVAILABILITY = YES_AGGRESSIVE;
				CLANG_WARN_UNREACHABLE_CODE = YES;
				CLANG_WARN__DUPLICATE_METHOD_MATCH = YES;
				COPY_PHASE_STRIP = NO;
				DEBUG_INFORMATION_FORMAT = "dwarf-with-dsym";
				ENABLE_NS_ASSERTIONS = NO;
				ENABLE_STRICT_OBJC_MSGSEND = YES;
				GCC_C_LANGUAGE_STANDARD = gnu11;
				GCC_NO_COMMON_BLOCKS = YES;
				GCC_WARN_64_TO_32_BIT_CONVERSION = YES;
				GCC_WARN_ABOUT_RETURN_TYPE = YES_ERROR;
				GCC_WARN_UNDECLARED_SELECTOR = YES;
				GCC_WARN_UNINITIALIZED_AUTOS = YES_AGGRESSIVE;
				GCC_WARN_UNUSED_FUNCTION = YES;
				GCC_WARN_UNUSED_VARIABLE = YES;
				IPHONEOS_DEPLOYMENT_TARGET = 15.0;
				MTL_ENABLE_DEBUG_INFO = NO;
				MTL_FAST_MATH = YES;
				SDKROOT = iphoneos;
				SWIFT_COMPILATION_MODE = wholemodule;
				SWIFT_OPTIMIZATION_LEVEL = "-O";
				VALIDATE_PRODUCT = YES;
			};
			name = Release;
		};
		8482E26D27205F88009C284B /* Debug */ = {
			isa = XCBuildConfiguration;
			buildSettings = {
				ASSETCATALOG_COMPILER_APPICON_NAME = AppIcon;
				ASSETCATALOG_COMPILER_GLOBAL_ACCENT_COLOR_NAME = AccentColor;
				CODE_SIGN_STYLE = Automatic;
				CURRENT_PROJECT_VERSION = 1;
				DEVELOPMENT_TEAM = 82QF5SS5P2;
				GENERATE_INFOPLIST_FILE = YES;
				INFOPLIST_FILE = "ios-swift-mvvm/Info.plist";
				INFOPLIST_KEY_UIApplicationSupportsIndirectInputEvents = YES;
				INFOPLIST_KEY_UILaunchStoryboardName = LaunchScreen;
				INFOPLIST_KEY_UISupportedInterfaceOrientations = UIInterfaceOrientationPortrait;
				INFOPLIST_KEY_UISupportedInterfaceOrientations_iPad = "UIInterfaceOrientationPortrait UIInterfaceOrientationPortraitUpsideDown UIInterfaceOrientationLandscapeLeft UIInterfaceOrientationLandscapeRight";
				INFOPLIST_KEY_UISupportedInterfaceOrientations_iPhone = "UIInterfaceOrientationPortrait UIInterfaceOrientationLandscapeLeft UIInterfaceOrientationLandscapeRight";
				LD_RUNPATH_SEARCH_PATHS = (
					"$(inherited)",
					"@executable_path/Frameworks",
				);
				MARKETING_VERSION = 1.0;
				PRODUCT_BUNDLE_IDENTIFIER = "com.avillagomezr.ios-swift-mvvm";
				PRODUCT_NAME = "$(TARGET_NAME)";
				SWIFT_EMIT_LOC_STRINGS = YES;
				SWIFT_VERSION = 5.0;
				TARGETED_DEVICE_FAMILY = "1,2";
			};
			name = Debug;
		};
		8482E26E27205F88009C284B /* Release */ = {
			isa = XCBuildConfiguration;
			buildSettings = {
				ASSETCATALOG_COMPILER_APPICON_NAME = AppIcon;
				ASSETCATALOG_COMPILER_GLOBAL_ACCENT_COLOR_NAME = AccentColor;
				CODE_SIGN_STYLE = Automatic;
				CURRENT_PROJECT_VERSION = 1;
				DEVELOPMENT_TEAM = 82QF5SS5P2;
				GENERATE_INFOPLIST_FILE = YES;
				INFOPLIST_FILE = "ios-swift-mvvm/Info.plist";
				INFOPLIST_KEY_UIApplicationSupportsIndirectInputEvents = YES;
				INFOPLIST_KEY_UILaunchStoryboardName = LaunchScreen;
				INFOPLIST_KEY_UISupportedInterfaceOrientations = UIInterfaceOrientationPortrait;
				INFOPLIST_KEY_UISupportedInterfaceOrientations_iPad = "UIInterfaceOrientationPortrait UIInterfaceOrientationPortraitUpsideDown UIInterfaceOrientationLandscapeLeft UIInterfaceOrientationLandscapeRight";
				INFOPLIST_KEY_UISupportedInterfaceOrientations_iPhone = "UIInterfaceOrientationPortrait UIInterfaceOrientationLandscapeLeft UIInterfaceOrientationLandscapeRight";
				LD_RUNPATH_SEARCH_PATHS = (
					"$(inherited)",
					"@executable_path/Frameworks",
				);
				MARKETING_VERSION = 1.0;
				PRODUCT_BUNDLE_IDENTIFIER = "com.avillagomezr.ios-swift-mvvm";
				PRODUCT_NAME = "$(TARGET_NAME)";
				SWIFT_EMIT_LOC_STRINGS = YES;
				SWIFT_VERSION = 5.0;
				TARGETED_DEVICE_FAMILY = "1,2";
			};
			name = Release;
		};
/* End XCBuildConfiguration section */

/* Begin XCConfigurationList section */
		8482E25327205F86009C284B /* Build configuration list for PBXProject "ios-swift-mvvm" */ = {
			isa = XCConfigurationList;
			buildConfigurations = (
				8482E26A27205F88009C284B /* Debug */,
				8482E26B27205F88009C284B /* Release */,
			);
			defaultConfigurationIsVisible = 0;
			defaultConfigurationName = Release;
		};
		8482E26C27205F88009C284B /* Build configuration list for PBXNativeTarget "ios-swift-mvvm" */ = {
			isa = XCConfigurationList;
			buildConfigurations = (
				8482E26D27205F88009C284B /* Debug */,
				8482E26E27205F88009C284B /* Release */,
			);
			defaultConfigurationIsVisible = 0;
			defaultConfigurationName = Release;
		};
/* End XCConfigurationList section */
	};
	rootObject = 8482E25027205F86009C284B /* Project object */;
}
